{
  "requires": true,
  "lockfileVersion": 1,
  "dependencies": {
    "url-search-params-polyfill": {
      "version": "8.1.1",
      "resolved": "https://registry.npmjs.org/url-search-params-polyfill/-/url-search-params-polyfill-8.1.1.tgz",
      "integrity": "sha512-KmkCs6SjE6t4ihrfW9JelAPQIIIFbJweaaSLTh/4AO+c58JlDcb+GbdPt8yr5lRcFg4rPswRFRRhBGpWwh0K/Q=="
    },
    "vue-gtm": {
      "version": "3.5.0",
      "resolved": "https://registry.npmjs.org/vue-gtm/-/vue-gtm-3.5.0.tgz",
      "integrity": "sha512-MJ0eqPm2NG1MjUJv8K3DghVzbXNONLd2rav0WbpuCfnD5r+SKyD+kxYnPo8exAg7zN+krY+swXoXKJuXtb2Acg==",
      "requires": {
        "url-search-params-polyfill": "^8.1.0",
        "vue-router": "^4.0.0"
      }
    },
    "vue-router": {
      "version": "4.0.5",
      "resolved": "https://registry.npmjs.org/vue-router/-/vue-router-4.0.5.tgz",
      "integrity": "sha512-AQq+pllb6FCc7rS6vh4PPcce3XA1jgK3hKNkQ4hXHwoVN7jOeAOMKCnX7XAX3etV9rmN7iNW8iIwgPk95ckBjw=="
    }
  }
}
